// !$*UTF8*$!
{
	archiveVersion = 1;
	classes = {
	};
	objectVersion = 46;
	objects = {

/* Begin PBXBuildFile section */
		3907B3711E5BE173007C5252 /* TaskViewController.swift in Sources */ = {isa = PBXBuildFile; fileRef = 3907B3701E5BE173007C5252 /* TaskViewController.swift */; };
		3907B3731E5BE193007C5252 /* AddNewTaskViewController.swift in Sources */ = {isa = PBXBuildFile; fileRef = 3907B3721E5BE193007C5252 /* AddNewTaskViewController.swift */; };
		3907B3761E5BE70A007C5252 /* UserNotifications.framework in Frameworks */ = {isa = PBXBuildFile; fileRef = 3907B3751E5BE70A007C5252 /* UserNotifications.framework */; };
		3907B3791E5BE8F0007C5252 /* TaskItemModel.swift in Sources */ = {isa = PBXBuildFile; fileRef = 3907B3781E5BE8F0007C5252 /* TaskItemModel.swift */; };
		3907B37C1E5BEBE2007C5252 /* TaskList.swift in Sources */ = {isa = PBXBuildFile; fileRef = 3907B37B1E5BEBE2007C5252 /* TaskList.swift */; };
		3916767D1E5C300200288500 /* TaskDetailViewController.swift in Sources */ = {isa = PBXBuildFile; fileRef = 3916767C1E5C300200288500 /* TaskDetailViewController.swift */; };
		3963FC991E55BAEC00701D4D /* AppDelegate.swift in Sources */ = {isa = PBXBuildFile; fileRef = 3963FC981E55BAEC00701D4D /* AppDelegate.swift */; };
		3963FC9E1E55BAEC00701D4D /* Main.storyboard in Resources */ = {isa = PBXBuildFile; fileRef = 3963FC9C1E55BAEC00701D4D /* Main.storyboard */; };
		3963FCA01E55BAEC00701D4D /* Assets.xcassets in Resources */ = {isa = PBXBuildFile; fileRef = 3963FC9F1E55BAEC00701D4D /* Assets.xcassets */; };
		3963FCA31E55BAEC00701D4D /* LaunchScreen.storyboard in Resources */ = {isa = PBXBuildFile; fileRef = 3963FCA11E55BAEC00701D4D /* LaunchScreen.storyboard */; };
/* End PBXBuildFile section */

/* Begin PBXFileReference section */
		3907B3701E5BE173007C5252 /* TaskViewController.swift */ = {isa = PBXFileReference; fileEncoding = 4; lastKnownFileType = sourcecode.swift; path = TaskViewController.swift; sourceTree = "<group>"; };
		3907B3721E5BE193007C5252 /* AddNewTaskViewController.swift */ = {isa = PBXFileReference; fileEncoding = 4; lastKnownFileType = sourcecode.swift; path = AddNewTaskViewController.swift; sourceTree = "<group>"; };
		3907B3751E5BE70A007C5252 /* UserNotifications.framework */ = {isa = PBXFileReference; lastKnownFileType = wrapper.framework; name = UserNotifications.framework; path = System/Library/Frameworks/UserNotifications.framework; sourceTree = SDKROOT; };
		3907B3781E5BE8F0007C5252 /* TaskItemModel.swift */ = {isa = PBXFileReference; fileEncoding = 4; lastKnownFileType = sourcecode.swift; path = TaskItemModel.swift; sourceTree = "<group>"; };
		3907B37B1E5BEBE2007C5252 /* TaskList.swift */ = {isa = PBXFileReference; fileEncoding = 4; lastKnownFileType = sourcecode.swift; path = TaskList.swift; sourceTree = "<group>"; };
		3907B37D1E5BEFCC007C5252 /* NotificationExample.entitlements */ = {isa = PBXFileReference; lastKnownFileType = text.plist.entitlements; path = NotificationExample.entitlements; sourceTree = "<group>"; };
		3916767C1E5C300200288500 /* TaskDetailViewController.swift */ = {isa = PBXFileReference; fileEncoding = 4; lastKnownFileType = sourcecode.swift; path = TaskDetailViewController.swift; sourceTree = "<group>"; };
		3963FC951E55BAEC00701D4D /* NotificationExample.app */ = {isa = PBXFileReference; explicitFileType = wrapper.application; includeInIndex = 0; path = NotificationExample.app; sourceTree = BUILT_PRODUCTS_DIR; };
		3963FC981E55BAEC00701D4D /* AppDelegate.swift */ = {isa = PBXFileReference; lastKnownFileType = sourcecode.swift; path = AppDelegate.swift; sourceTree = "<group>"; };
		3963FC9D1E55BAEC00701D4D /* Base */ = {isa = PBXFileReference; lastKnownFileType = file.storyboard; name = Base; path = Base.lproj/Main.storyboard; sourceTree = "<group>"; };
		3963FC9F1E55BAEC00701D4D /* Assets.xcassets */ = {isa = PBXFileReference; lastKnownFileType = folder.assetcatalog; path = Assets.xcassets; sourceTree = "<group>"; };
		3963FCA21E55BAEC00701D4D /* Base */ = {isa = PBXFileReference; lastKnownFileType = file.storyboard; name = Base; path = Base.lproj/LaunchScreen.storyboard; sourceTree = "<group>"; };
		3963FCA41E55BAEC00701D4D /* Info.plist */ = {isa = PBXFileReference; lastKnownFileType = text.plist.xml; path = Info.plist; sourceTree = "<group>"; };
/* End PBXFileReference section */

/* Begin PBXFrameworksBuildPhase section */
		3963FC921E55BAEC00701D4D /* Frameworks */ = {
			isa = PBXFrameworksBuildPhase;
			buildActionMask = 2147483647;
			files = (
				3907B3761E5BE70A007C5252 /* UserNotifications.framework in Frameworks */,
			);
			runOnlyForDeploymentPostprocessing = 0;
		};
/* End PBXFrameworksBuildPhase section */

/* Begin PBXGroup section */
		3907B36F1E5BE150007C5252 /* Controllers */ = {
			isa = PBXGroup;
			children = (
				3907B3701E5BE173007C5252 /* TaskViewController.swift */,
				3907B3721E5BE193007C5252 /* AddNewTaskViewController.swift */,
				3916767C1E5C300200288500 /* TaskDetailViewController.swift */,
			);
			path = Controllers;
			sourceTree = "<group>";
		};
		3907B3741E5BE70A007C5252 /* Frameworks */ = {
			isa = PBXGroup;
			children = (
				3907B3751E5BE70A007C5252 /* UserNotifications.framework */,
			);
			name = Frameworks;
			sourceTree = "<group>";
		};
		3907B3771E5BE8D9007C5252 /* Models */ = {
			isa = PBXGroup;
			children = (
				3907B3781E5BE8F0007C5252 /* TaskItemModel.swift */,
			);
			path = Models;
			sourceTree = "<group>";
		};
		3907B37A1E5BEBD9007C5252 /* Singletons */ = {
			isa = PBXGroup;
			children = (
				3907B37B1E5BEBE2007C5252 /* TaskList.swift */,
			);
			path = Singletons;
			sourceTree = "<group>";
		};
		3963FC8C1E55BAEC00701D4D = {
			isa = PBXGroup;
			children = (
				3963FC971E55BAEC00701D4D /* NotificationExample */,
				3963FC961E55BAEC00701D4D /* Products */,
				3907B3741E5BE70A007C5252 /* Frameworks */,
			);
			sourceTree = "<group>";
		};
		3963FC961E55BAEC00701D4D /* Products */ = {
			isa = PBXGroup;
			children = (
				3963FC951E55BAEC00701D4D /* NotificationExample.app */,
			);
			name = Products;
			sourceTree = "<group>";
		};
		3963FC971E55BAEC00701D4D /* NotificationExample */ = {
			isa = PBXGroup;
			children = (
				3907B37D1E5BEFCC007C5252 /* NotificationExample.entitlements */,
				3907B37A1E5BEBD9007C5252 /* Singletons */,
				3907B3771E5BE8D9007C5252 /* Models */,
				3907B36F1E5BE150007C5252 /* Controllers */,
				3963FC981E55BAEC00701D4D /* AppDelegate.swift */,
				3963FC9C1E55BAEC00701D4D /* Main.storyboard */,
				3963FC9F1E55BAEC00701D4D /* Assets.xcassets */,
				3963FCA11E55BAEC00701D4D /* LaunchScreen.storyboard */,
				3963FCA41E55BAEC00701D4D /* Info.plist */,
			);
			path = NotificationExample;
			sourceTree = "<group>";
		};
/* End PBXGroup section */

/* Begin PBXNativeTarget section */
		3963FC941E55BAEC00701D4D /* NotificationExample */ = {
			isa = PBXNativeTarget;
			buildConfigurationList = 3963FCA71E55BAEC00701D4D /* Build configuration list for PBXNativeTarget "NotificationExample" */;
			buildPhases = (
				3963FC911E55BAEC00701D4D /* Sources */,
				3963FC921E55BAEC00701D4D /* Frameworks */,
				3963FC931E55BAEC00701D4D /* Resources */,
			);
			buildRules = (
			);
			dependencies = (
			);
			name = NotificationExample;
			productName = NotificationExample;
			productReference = 3963FC951E55BAEC00701D4D /* NotificationExample.app */;
			productType = "com.apple.product-type.application";
		};
/* End PBXNativeTarget section */

/* Begin PBXProject section */
		3963FC8D1E55BAEC00701D4D /* Project object */ = {
			isa = PBXProject;
			attributes = {
				LastSwiftUpdateCheck = 0820;
				LastUpgradeCheck = 0820;
				ORGANIZATIONNAME = "TMA Solutions";
				TargetAttributes = {
					3963FC941E55BAEC00701D4D = {
						CreatedOnToolsVersion = 8.2.1;
						DevelopmentTeam = 68ZM5ZELFE;
						ProvisioningStyle = Automatic;
						SystemCapabilities = {
							com.apple.Push = {
								enabled = 0;
							};
						};
					};
				};
			};
			buildConfigurationList = 3963FC901E55BAEC00701D4D /* Build configuration list for PBXProject "NotificationExample" */;
			compatibilityVersion = "Xcode 3.2";
			developmentRegion = English;
			hasScannedForEncodings = 0;
			knownRegions = (
				en,
				Base,
			);
			mainGroup = 3963FC8C1E55BAEC00701D4D;
			productRefGroup = 3963FC961E55BAEC00701D4D /* Products */;
			projectDirPath = "";
			projectRoot = "";
			targets = (
				3963FC941E55BAEC00701D4D /* NotificationExample */,
			);
		};
/* End PBXProject section */

/* Begin PBXResourcesBuildPhase section */
		3963FC931E55BAEC00701D4D /* Resources */ = {
			isa = PBXResourcesBuildPhase;
			buildActionMask = 2147483647;
			files = (
				3963FCA31E55BAEC00701D4D /* LaunchScreen.storyboard in Resources */,
				3963FCA01E55BAEC00701D4D /* Assets.xcassets in Resources */,
				3963FC9E1E55BAEC00701D4D /* Main.storyboard in Resources */,
			);
			runOnlyForDeploymentPostprocessing = 0;
		};
/* End PBXResourcesBuildPhase section */

/* Begin PBXSourcesBuildPhase section */
		3963FC911E55BAEC00701D4D /* Sources */ = {
			isa = PBXSourcesBuildPhase;
			buildActionMask = 2147483647;
			files = (
				3916767D1E5C300200288500 /* TaskDetailViewController.swift in Sources */,
				3963FC991E55BAEC00701D4D /* AppDelegate.swift in Sources */,
				3907B37C1E5BEBE2007C5252 /* TaskList.swift in Sources */,
				3907B3791E5BE8F0007C5252 /* TaskItemModel.swift in Sources */,
				3907B3731E5BE193007C5252 /* AddNewTaskViewController.swift in Sources */,
				3907B3711E5BE173007C5252 /* TaskViewController.swift in Sources */,
			);
			runOnlyForDeploymentPostprocessing = 0;
		};
/* End PBXSourcesBuildPhase section */

/* Begin PBXVariantGroup section */
		3963FC9C1E55BAEC00701D4D /* Main.storyboard */ = {
			isa = PBXVariantGroup;
			children = (
				3963FC9D1E55BAEC00701D4D /* Base */,
			);
			name = Main.storyboard;
			sourceTree = "<group>";
		};
		3963FCA11E55BAEC00701D4D /* LaunchScreen.storyboard */ = {
			isa = PBXVariantGroup;
			children = (
				3963FCA21E55BAEC00701D4D /* Base */,
			);
			name = LaunchScreen.storyboard;
			sourceTree = "<group>";
		};
/* End PBXVariantGroup section */

/* Begin XCBuildConfiguration section */
		3963FCA51E55BAEC00701D4D /* Debug */ = {
			isa = XCBuildConfiguration;
			buildSettings = {
				ALWAYS_SEARCH_USER_PATHS = NO;
				CLANG_ANALYZER_NONNULL = YES;
				CLANG_CXX_LANGUAGE_STANDARD = "gnu++0x";
				CLANG_CXX_LIBRARY = "libc++";
				CLANG_ENABLE_MODULES = YES;
				CLANG_ENABLE_OBJC_ARC = YES;
				CLANG_WARN_BOOL_CONVERSION = YES;
				CLANG_WARN_CONSTANT_CONVERSION = YES;
				CLANG_WARN_DIRECT_OBJC_ISA_USAGE = YES_ERROR;
				CLANG_WARN_DOCUMENTATION_COMMENTS = YES;
				CLANG_WARN_EMPTY_BODY = YES;
				CLANG_WARN_ENUM_CONVERSION = YES;
				CLANG_WARN_INFINITE_RECURSION = YES;
				CLANG_WARN_INT_CONVERSION = YES;
				CLANG_WARN_OBJC_ROOT_CLASS = YES_ERROR;
				CLANG_WARN_SUSPICIOUS_MOVE = YES;
				CLANG_WARN_UNREACHABLE_CODE = YES;
				CLANG_WARN__DUPLICATE_METHOD_MATCH = YES;
				"CODE_SIGN_IDENTITY[sdk=iphoneos*]" = "iPhone Developer";
				COPY_PHASE_STRIP = NO;
				DEBUG_INFORMATION_FORMAT = dwarf;
				ENABLE_STRICT_OBJC_MSGSEND = YES;
				ENABLE_TESTABILITY = YES;
				GCC_C_LANGUAGE_STANDARD = gnu99;
				GCC_DYNAMIC_NO_PIC = NO;
				GCC_NO_COMMON_BLOCKS = YES;
				GCC_OPTIMIZATION_LEVEL = 0;
				GCC_PREPROCESSOR_DEFINITIONS = (
					"DEBUG=1",
					"$(inherited)",
				);
				GCC_WARN_64_TO_32_BIT_CONVERSION = YES;
				GCC_WARN_ABOUT_RETURN_TYPE = YES_ERROR;
				GCC_WARN_UNDECLARED_SELECTOR = YES;
				GCC_WARN_UNINITIALIZED_AUTOS = YES_AGGRESSIVE;
				GCC_WARN_UNUSED_FUNCTION = YES;
				GCC_WARN_UNUSED_VARIABLE = YES;
				IPHONEOS_DEPLOYMENT_TARGET = 10.2;
				MTL_ENABLE_DEBUG_INFO = YES;
				ONLY_ACTIVE_ARCH = YES;
				SDKROOT = iphoneos;
				SWIFT_ACTIVE_COMPILATION_CONDITIONS = DEBUG;
				SWIFT_OPTIMIZATION_LEVEL = "-Onone";
			};
			name = Debug;
		};
		3963FCA61E55BAEC00701D4D /* Release */ = {
			isa = XCBuildConfiguration;
			buildSettings = {
				ALWAYS_SEARCH_USER_PATHS = NO;
				CLANG_ANALYZER_NONNULL = YES;
				CLANG_CXX_LANGUAGE_STANDARD = "gnu++0x";
				CLANG_CXX_LIBRARY = "libc++";
				CLANG_ENABLE_MODULES = YES;
				CLANG_ENABLE_OBJC_ARC = YES;
				CLANG_WARN_BOOL_CONVERSION = YES;
				CLANG_WARN_CONSTANT_CONVERSION = YES;
				CLANG_WARN_DIRECT_OBJC_ISA_USAGE = YES_ERROR;
				CLANG_WARN_DOCUMENTATION_COMMENTS = YES;
				CLANG_WARN_EMPTY_BODY = YES;
				CLANG_WARN_ENUM_CONVERSION = YES;
				CLANG_WARN_INFINITE_RECURSION = YES;
				CLANG_WARN_INT_CONVERSION = YES;
				CLANG_WARN_OBJC_ROOT_CLASS = YES_ERROR;
				CLANG_WARN_SUSPICIOUS_MOVE = YES;
				CLANG_WARN_UNREACHABLE_CODE = YES;
				CLANG_WARN__DUPLICATE_METHOD_MATCH = YES;
				"CODE_SIGN_IDENTITY[sdk=iphoneos*]" = "iPhone Developer";
				COPY_PHASE_STRIP = NO;
				DEBUG_INFORMATION_FORMAT = "dwarf-with-dsym";
				ENABLE_NS_ASSERTIONS = NO;
				ENABLE_STRICT_OBJC_MSGSEND = YES;
				GCC_C_LANGUAGE_STANDARD = gnu99;
				GCC_NO_COMMON_BLOCKS = YES;
				GCC_WARN_64_TO_32_BIT_CONVERSION = YES;
				GCC_WARN_ABOUT_RETURN_TYPE = YES_ERROR;
				GCC_WARN_UNDECLARED_SELECTOR = YES;
				GCC_WARN_UNINITIALIZED_AUTOS = YES_AGGRESSIVE;
				GCC_WARN_UNUSED_FUNCTION = YES;
				GCC_WARN_UNUSED_VARIABLE = YES;
				IPHONEOS_DEPLOYMENT_TARGET = 10.2;
				MTL_ENABLE_DEBUG_INFO = NO;
				SDKROOT = iphoneos;
				SWIFT_OPTIMIZATION_LEVEL = "-Owholemodule";
				VALIDATE_PRODUCT = YES;
			};
			name = Release;
		};
		3963FCA81E55BAEC00701D4D /* Debug */ = {
			isa = XCBuildConfiguration;
			buildSettings = {
				ASSETCATALOG_COMPILER_APPICON_NAME = AppIcon;
				DEVELOPMENT_TEAM = 68ZM5ZELFE;
				INFOPLIST_FILE = NotificationExample/Info.plist;
				LD_RUNPATH_SEARCH_PATHS = "$(inherited) @executable_path/Frameworks";
				PRODUCT_BUNDLE_IDENTIFIER = tma.solutions.com.vn.NotificationExample68;
				PRODUCT_NAME = "$(TARGET_NAME)";
				SWIFT_VERSION = 3.0;
			};
			name = Debug;
		};
		3963FCA91E55BAEC00701D4D /* Release */ = {
			isa = XCBuildConfiguration;
			buildSettings = {
				ASSETCATALOG_COMPILER_APPICON_NAME = AppIcon;
				DEVELOPMENT_TEAM = 68ZM5ZELFE;
				INFOPLIST_FILE = NotificationExample/Info.plist;
				LD_RUNPATH_SEARCH_PATHS = "$(inherited) @executable_path/Frameworks";
				PRODUCT_BUNDLE_IDENTIFIER = tma.solutions.com.vn.NotificationExample68;
				PRODUCT_NAME = "$(TARGET_NAME)";
				SWIFT_VERSION = 3.0;
			};
			name = Release;
		};
/* End XCBuildConfiguration section */

/* Begin XCConfigurationList section */
		3963FC901E55BAEC00701D4D /* Build configuration list for PBXProject "NotificationExample" */ = {
			isa = XCConfigurationList;
			buildConfigurations = (
				3963FCA51E55BAEC00701D4D /* Debug */,
				3963FCA61E55BAEC00701D4D /* Release */,
			);
			defaultConfigurationIsVisible = 0;
			defaultConfigurationName = Release;
		};
		3963FCA71E55BAEC00701D4D /* Build configuration list for PBXNativeTarget "NotificationExample" */ = {
			isa = XCConfigurationList;
			buildConfigurations = (
				3963FCA81E55BAEC00701D4D /* Debug */,
				3963FCA91E55BAEC00701D4D /* Release */,
			);
			defaultConfigurationIsVisible = 0;
			defaultConfigurationName = Release;
		};
/* End XCConfigurationList section */
	};
	rootObject = 3963FC8D1E55BAEC00701D4D /* Project object */;
}
